
Microsoft Visual Studio Solution File, Format Version 12.00
# Visual Studio Version 17
VisualStudioVersion = 17.14.36414.22
MinimumVisualStudioVersion = 10.0.40219.1
Project("{2150E333-8FDC-42A3-9474-1A3956D46DE8}") = "ApiConsume", "ApiConsume", "{02EA681E-C7D8-13C7-8484-4AC65E1B71E8}"
EndProject
Project("{2150E333-8FDC-42A3-9474-1A3956D46DE8}") = "Frontend", "Frontend", "{1AAA951B-3289-4346-875D-64D715407A08}"
EndProject
Project("{2150E333-8FDC-42A3-9474-1A3956D46DE8}") = "ToDoList", "ToDoList", "{42CBB64E-C9E5-45C1-98BD-442B739A928A}"
EndProject
Project("{FAE04EC0-301F-11D3-BF4B-00C04F79EFBC}") = "HotelProject.Weba", "HotelProject.Weba\HotelProject.Weba.csproj", "{6C8086EF-8A4E-4F4F-93A3-AED346AD22C6}"
EndProject
Project("{FAE04EC0-301F-11D3-BF4B-00C04F79EFBC}") = "HotelProjectEntity", "HotelProjectEntity\HotelProjectEntity.csproj", "{7F947576-8491-4571-A44F-2052FC88A1E1}"
EndProject
Project("{FAE04EC0-301F-11D3-BF4B-00C04F79EFBC}") = "HotelProjectDataAccess", "HotelProjectDataAccess\HotelProjectDataAccess.csproj", "{637EA53A-E2CE-40B3-AA19-39095805CE32}"
EndProject
Project("{FAE04EC0-301F-11D3-BF4B-00C04F79EFBC}") = "HotelProjectBusiness", "HotelProjectBusiness\HotelProjectBusiness.csproj", "{D2B80CED-7572-43A2-9001-D5DFB5DB06C9}"
EndProject
Project("{FAE04EC0-301F-11D3-BF4B-00C04F79EFBC}") = "HotelProjectUI", "HotelProjectUI\HotelProjectUI.csproj", "{AFA325FC-2F47-4939-9281-423562820EED}"
EndProject
Project("{FAE04EC0-301F-11D3-BF4B-00C04F79EFBC}") = "DtoLayer", "DtoLayer\DtoLayer.csproj", "{259161E1-7FB5-43FE-87A2-A0217D27D6D6}"
EndProject
Project("{FAE04EC0-301F-11D3-BF4B-00C04F79EFBC}") = "RapidApi", "RapidApi\RapidApi.csproj", "{550E1553-FAC2-40FA-8288-7F9B8C26AC10}"
EndProject
Project("{2150E333-8FDC-42A3-9474-1A3956D46DE8}") = "JWT", "JWT", "{593DCD14-45E6-40F0-A548-110A5BF7F814}"
EndProject
Project("{FAE04EC0-301F-11D3-BF4B-00C04F79EFBC}") = "JwtW", "JwtW\JwtW.csproj", "{F5C1E2ED-C335-4E0F-AD51-E35301EC802F}"
EndProject
Global
	GlobalSection(SolutionConfigurationPlatforms) = preSolution
		Debug|Any CPU = Debug|Any CPU
		Release|Any CPU = Release|Any CPU
	EndGlobalSection
	GlobalSection(ProjectConfigurationPlatforms) = postSolution
		{6C8086EF-8A4E-4F4F-93A3-AED346AD22C6}.Debug|Any CPU.ActiveCfg = Debug|Any CPU
		{6C8086EF-8A4E-4F4F-93A3-AED346AD22C6}.Debug|Any CPU.Build.0 = Debug|Any CPU
		{6C8086EF-8A4E-4F4F-93A3-AED346AD22C6}.Release|Any CPU.ActiveCfg = Release|Any CPU
		{6C8086EF-8A4E-4F4F-93A3-AED346AD22C6}.Release|Any CPU.Build.0 = Release|Any CPU
		{7F947576-8491-4571-A44F-2052FC88A1E1}.Debug|Any CPU.ActiveCfg = Debug|Any CPU
		{7F947576-8491-4571-A44F-2052FC88A1E1}.Debug|Any CPU.Build.0 = Debug|Any CPU
		{7F947576-8491-4571-A44F-2052FC88A1E1}.Release|Any CPU.ActiveCfg = Release|Any CPU
		{7F947576-8491-4571-A44F-2052FC88A1E1}.Release|Any CPU.Build.0 = Release|Any CPU
		{637EA53A-E2CE-40B3-AA19-39095805CE32}.Debug|Any CPU.ActiveCfg = Debug|Any CPU
		{637EA53A-E2CE-40B3-AA19-39095805CE32}.Debug|Any CPU.Build.0 = Debug|Any CPU
		{637EA53A-E2CE-40B3-AA19-39095805CE32}.Release|Any CPU.ActiveCfg = Release|Any CPU
		{637EA53A-E2CE-40B3-AA19-39095805CE32}.Release|Any CPU.Build.0 = Release|Any CPU
		{D2B80CED-7572-43A2-9001-D5DFB5DB06C9}.Debug|Any CPU.ActiveCfg = Debug|Any CPU
		{D2B80CED-7572-43A2-9001-D5DFB5DB06C9}.Debug|Any CPU.Build.0 = Debug|Any CPU
		{D2B80CED-7572-43A2-9001-D5DFB5DB06C9}.Release|Any CPU.ActiveCfg = Release|Any CPU
		{D2B80CED-7572-43A2-9001-D5DFB5DB06C9}.Release|Any CPU.Build.0 = Release|Any CPU
		{AFA325FC-2F47-4939-9281-423562820EED}.Debug|Any CPU.ActiveCfg = Debug|Any CPU
		{AFA325FC-2F47-4939-9281-423562820EED}.Debug|Any CPU.Build.0 = Debug|Any CPU
		{AFA325FC-2F47-4939-9281-423562820EED}.Release|Any CPU.ActiveCfg = Release|Any CPU
		{AFA325FC-2F47-4939-9281-423562820EED}.Release|Any CPU.Build.0 = Release|Any CPU
		{259161E1-7FB5-43FE-87A2-A0217D27D6D6}.Debug|Any CPU.ActiveCfg = Debug|Any CPU
		{259161E1-7FB5-43FE-87A2-A0217D27D6D6}.Debug|Any CPU.Build.0 = Debug|Any CPU
		{259161E1-7FB5-43FE-87A2-A0217D27D6D6}.Release|Any CPU.ActiveCfg = Release|Any CPU
		{259161E1-7FB5-43FE-87A2-A0217D27D6D6}.Release|Any CPU.Build.0 = Release|Any CPU
		{550E1553-FAC2-40FA-8288-7F9B8C26AC10}.Debug|Any CPU.ActiveCfg = Debug|Any CPU
		{550E1553-FAC2-40FA-8288-7F9B8C26AC10}.Debug|Any CPU.Build.0 = Debug|Any CPU
		{550E1553-FAC2-40FA-8288-7F9B8C26AC10}.Release|Any CPU.ActiveCfg = Release|Any CPU
		{550E1553-FAC2-40FA-8288-7F9B8C26AC10}.Release|Any CPU.Build.0 = Release|Any CPU
		{F5C1E2ED-C335-4E0F-AD51-E35301EC802F}.Debug|Any CPU.ActiveCfg = Debug|Any CPU
		{F5C1E2ED-C335-4E0F-AD51-E35301EC802F}.Debug|Any CPU.Build.0 = Debug|Any CPU
		{F5C1E2ED-C335-4E0F-AD51-E35301EC802F}.Release|Any CPU.ActiveCfg = Release|Any CPU
		{F5C1E2ED-C335-4E0F-AD51-E35301EC802F}.Release|Any CPU.Build.0 = Release|Any CPU
	EndGlobalSection
	GlobalSection(SolutionProperties) = preSolution
		HideSolutionNode = FALSE
	EndGlobalSection
	GlobalSection(NestedProjects) = preSolution
		{6C8086EF-8A4E-4F4F-93A3-AED346AD22C6} = {02EA681E-C7D8-13C7-8484-4AC65E1B71E8}
		{7F947576-8491-4571-A44F-2052FC88A1E1} = {02EA681E-C7D8-13C7-8484-4AC65E1B71E8}
		{637EA53A-E2CE-40B3-AA19-39095805CE32} = {02EA681E-C7D8-13C7-8484-4AC65E1B71E8}
		{D2B80CED-7572-43A2-9001-D5DFB5DB06C9} = {02EA681E-C7D8-13C7-8484-4AC65E1B71E8}
		{AFA325FC-2F47-4939-9281-423562820EED} = {1AAA951B-3289-4346-875D-64D715407A08}
		{259161E1-7FB5-43FE-87A2-A0217D27D6D6} = {02EA681E-C7D8-13C7-8484-4AC65E1B71E8}
		{F5C1E2ED-C335-4E0F-AD51-E35301EC802F} = {593DCD14-45E6-40F0-A548-110A5BF7F814}
	EndGlobalSection
	GlobalSection(ExtensibilityGlobals) = postSolution
		SolutionGuid = {BEFE63BB-8A0B-4D4D-A724-40F24A13668E}
	EndGlobalSection
EndGlobal
